version = 1
revision = 3
requires-python = ">=3.12"

[[package]]
name = "black"
version = "26.3.1"
source = { registry = "https://mirrors.tuna.tsinghua.edu.cn/pypi/web/simple/" }
dependencies = [
    { name = "click" },
    { name = "mypy-extensions" },
    { name = "packaging" },
    { name = "pathspec" },
    { name = "platformdirs" },
    { name = "pytokens" },
]
sdist = { url = "https://mirrors.tuna.tsinghua.edu.cn/pypi/web/packages/e1/c5/61175d618685d42b005847464b8fb4743a67b1b8fdb75e50e5a96c31a27a/black-26.3.1.tar.gz", hash = "sha256:2c50f5063a9641c7eed7795014ba37b0f5fa227f3d408b968936e24bc0566b07", size = 666155, upload-time = "2026-03-12T03:36:03.593Z" }
wheels = [
    { url = "https://mirrors.tuna.tsinghua.edu.cn/pypi/web/packages/dc/f8/da5eae4fc75e78e6dceb60624e1b9662ab00d6b452996046dfa9b8a6025b/black-26.3.1-cp312-cp312-macosx_10_13_x86_64.whl", hash = "sha256:b5e6f89631eb88a7302d416594a32faeee9fb8fb848290da9d0a5f2903519fc1", size = 1895920, upload-time = "2026-03-12T03:40:13.921Z" },
    { url = "https://mirrors.tuna.tsinghua.edu.cn/pypi/web/packages/2c/9f/04e6f26534da2e1629b2b48255c264cabf5eedc5141d04516d9d68a24111/black-26.3.1-cp312-cp312-macosx_11_0_arm64.whl", hash = "sha256:41cd2012d35b47d589cb8a16faf8a32ef7a336f56356babd9fcf70939ad1897f", size = 1718499, upload-time = "2026-03-12T03:40:15.239Z" },
    { url = "https://mirrors.tuna.tsinghua.edu.cn/pypi/web/packages/04/91/a5935b2a63e31b331060c4a9fdb5a6c725840858c599032a6f3aac94055f/black-26.3.1-cp312-cp312-manylinux2014_x86_64.manylinux_2_17_x86_64.manylinux_2_28_x86_64.whl", hash = "sha256:0f76ff19ec5297dd8e66eb64deda23631e642c9393ab592826fd4bdc97a4bce7", size = 1794994, upload-time = "2026-03-12T03:40:17.124Z" },
    { url = "https://mirrors.tuna.tsinghua.edu.cn/pypi/web/packages/e7/0a/86e462cdd311a3c2a8ece708d22aba17d0b2a0d5348ca34b40cdcbea512e/black-26.3.1-cp312-cp312-win_amd64.whl", hash = "sha256:ddb113db38838eb9f043623ba274cfaf7d51d5b0c22ecb30afe58b1bb8322983", size = 1420867, upload-time = "2026-03-12T03:40:18.83Z" },
    { url = "https://mirrors.tuna.tsinghua.edu.cn/pypi/web/packages/5b/e5/22515a19cb7eaee3440325a6b0d95d2c0e88dd180cb011b12ae488e031d1/black-26.3.1-cp312-cp312-win_arm64.whl", hash = "sha256:dfdd51fc3e64ea4f35873d1b3fb25326773d55d2329ff8449139ebaad7357efb", size = 1230124, upload-time = "2026-03-12T03:40:20.425Z" },
    { url = "https://mirrors.tuna.tsinghua.edu.cn/pypi/web/packages/f5/77/5728052a3c0450c53d9bb3945c4c46b91baa62b2cafab6801411b6271e45/black-26.3.1-cp313-cp313-macosx_10_13_x86_64.whl", hash = "sha256:855822d90f884905362f602880ed8b5df1b7e3ee7d0db2502d4388a954cc8c54", size = 1895034, upload-time = "2026-03-12T03:40:21.813Z" },
    { url = "https://mirrors.tuna.tsinghua.edu.cn/pypi/web/packages/52/73/7cae55fdfdfbe9d19e9a8d25d145018965fe2079fa908101c3733b0c55a0/black-26.3.1-cp313-cp313-macosx_11_0_arm64.whl", hash = "sha256:8a33d657f3276328ce00e4d37fe70361e1ec7614da5d7b6e78de5426cb56332f", size = 1718503, upload-time = "2026-03-12T03:40:23.666Z" },
    { url = "https://mirrors.tuna.tsinghua.edu.cn/pypi/web/packages/e1/87/af89ad449e8254fdbc74654e6467e3c9381b61472cc532ee350d28cfdafb/black-26.3.1-cp313-cp313-manylinux2014_x86_64.manylinux_2_17_x86_64.manylinux_2_28_x86_64.whl", hash = "sha256:f1cd08e99d2f9317292a311dfe578fd2a24b15dbce97792f9c4d752275c1fa56", size = 1793557, upload-time = "2026-03-12T03:40:25.497Z" },
    { url = "https://mirrors.tuna.tsinghua.edu.cn/pypi/web/packages/43/10/d6c06a791d8124b843bf325ab4ac7d2f5b98731dff84d6064eafd687ded1/black-26.3.1-cp313-cp313-win_amd64.whl", hash = "sha256:c7e72339f841b5a237ff14f7d3880ddd0fc7f98a1199e8c4327f9a4f478c1839", size = 1422766, upload-time = "2026-03-12T03:40:27.14Z" },
    { url = "https://mirrors.tuna.tsinghua.edu.cn/pypi/web/packages/59/4f/40a582c015f2d841ac24fed6390bd68f0fc896069ff3a886317959c9daf8/black-26.3.1-cp313-cp313-win_arm64.whl", hash = "sha256:afc622538b430aa4c8c853f7f63bc582b3b8030fd8c80b70fb5fa5b834e575c2", size = 1232140, upload-time = "2026-03-12T03:40:28.882Z" },
    { url = "https://mirrors.tuna.tsinghua.edu.cn/pypi/web/packages/d5/da/e36e27c9cebc1311b7579210df6f1c86e50f2d7143ae4fcf8a5017dc8809/black-26.3.1-cp314-cp314-macosx_10_15_x86_64.whl", hash = "sha256:2d6bfaf7fd0993b420bed691f20f9492d53ce9a2bcccea4b797d34e947318a78", size = 1889234, upload-time = "2026-03-12T03:40:30.964Z" },
    { url = "https://mirrors.tuna.tsinghua.edu.cn/pypi/web/packages/0e/7b/9871acf393f64a5fa33668c19350ca87177b181f44bb3d0c33b2d534f22c/black-26.3.1-cp314-cp314-macosx_11_0_arm64.whl", hash = "sha256:f89f2ab047c76a9c03f78d0d66ca519e389519902fa27e7a91117ef7611c0568", size = 1720522, upload-time = "2026-03-12T03:40:32.346Z" },
    { url = "https://mirrors.tuna.tsinghua.edu.cn/pypi/web/packages/03/87/e766c7f2e90c07fb7586cc787c9ae6462b1eedab390191f2b7fc7f6170a9/black-26.3.1-cp314-cp314-manylinux2014_x86_64.manylinux_2_17_x86_64.manylinux_2_28_x86_64.whl", hash = "sha256:b07fc0dab849d24a80a29cfab8d8a19187d1c4685d8a5e6385a5ce323c1f015f", size = 1787824, upload-time = "2026-03-12T03:40:33.636Z" },
    { url = "https://mirrors.tuna.tsinghua.edu.cn/pypi/web/packages/ac/94/2424338fb2d1875e9e83eed4c8e9c67f6905ec25afd826a911aea2b02535/black-26.3.1-cp314-cp314-win_amd64.whl", hash = "sha256:0126ae5b7c09957da2bdbd91a9ba1207453feada9e9fe51992848658c6c8e01c", size = 1445855, upload-time = "2026-03-12T03:40:35.442Z" },
    { url = "https://mirrors.tuna.tsinghua.edu.cn/pypi/web/packages/86/43/0c3338bd928afb8ee7471f1a4eec3bdbe2245ccb4a646092a222e8669840/black-26.3.1-cp314-cp314-win_arm64.whl", hash = "sha256:92c0ec1f2cc149551a2b7b47efc32c866406b6891b0ee4625e95967c8f4acfb1", size = 1258109, upload-time = "2026-03-12T03:40:36.832Z" },
    { url = "https://mirrors.tuna.tsinghua.edu.cn/pypi/web/packages/8e/0d/52d98722666d6fc6c3dd4c76df339501d6efd40e0ff95e6186a7b7f0befd/black-26.3.1-py3-none-any.whl", hash = "sha256:2bd5aa94fc267d38bb21a70d7410a89f1a1d318841855f698746f8e7f51acd1b", size = 207542, upload-time = "2026-03-12T03:36:01.668Z" },
]

[[package]]
name = "click"
version = "8.3.2"
source = { registry = "https://mirrors.tuna.tsinghua.edu.cn/pypi/web/simple/" }
dependencies = [
    { name = "colorama", marker = "sys_platform == 'win32'" },
]
sdist = { url = "https://mirrors.tuna.tsinghua.edu.cn/pypi/web/packages/57/75/31212c6bf2503fdf920d87fee5d7a86a2e3bcf444984126f13d8e4016804/click-8.3.2.tar.gz", hash = "sha256:14162b8b3b3550a7d479eafa77dfd3c38d9dc8951f6f69c78913a8f9a7540fd5", size = 302856, upload-time = "2026-04-03T19:14:45.118Z" }
wheels = [
    { url = "https://mirrors.tuna.tsinghua.edu.cn/pypi/web/packages/e4/20/71885d8b97d4f3dde17b1fdb92dbd4908b00541c5a3379787137285f602e/click-8.3.2-py3-none-any.whl", hash = "sha256:1924d2c27c5653561cd2cae4548d1406039cb79b858b747cfea24924bbc1616d", size = 108379, upload-time = "2026-04-03T19:14:43.505Z" },
]

[[package]]
name = "colorama"
version = "0.4.6"
source = { registry = "https://mirrors.tuna.tsinghua.edu.cn/pypi/web/simple/" }
sdist = { url = "https://mirrors.tuna.tsinghua.edu.cn/pypi/web/packages/d8/53/6f443c9a4a8358a93a6792e2acffb9d9d5cb0a5cfd8802644b7b1c9a02e4/colorama-0.4.6.tar.gz", hash = "sha256:08695f5cb7ed6e0531a20572697297273c47b8cae5a63ffc6d6ed5c201be6e44", size = 27697, upload-time = "2022-10-25T02:36:22.414Z" }
wheels = [
    { url = "https://mirrors.tuna.tsinghua.edu.cn/pypi/web/packages/d1/d6/3965ed04c63042e047cb6a3e6ed1a63a35087b6a609aa3a15ed8ac56c221/colorama-0.4.6-py2.py3-none-any.whl", hash = "sha256:4f1d9991f5acc0ca119f9d443620b77f9d6b33703e51011c16baf57afb285fc6", size = 25335, upload-time = "2022-10-25T02:36:20.889Z" },
]

[[package]]
name = "datetime"
version = "6.0"
source = { registry = "https://mirrors.tuna.tsinghua.edu.cn/pypi/web/simple/" }
dependencies = [
    { name = "pytz" },
    { name = "zope-interface" },
]
sdist = { url = "https://mirrors.tuna.tsinghua.edu.cn/pypi/web/packages/77/32/decbfd165e9985ba9d8c2d34a39afe5aeba2fc3fe390eb6e9ef1aab98fa8/datetime-6.0.tar.gz", hash = "sha256:c1514936d2f901e10c8e08d83bf04e6c9dbd7ca4f244da94fec980980a3bc4d5", size = 64167, upload-time = "2025-11-25T08:00:34.586Z" }
wheels = [
    { url = "https://mirrors.tuna.tsinghua.edu.cn/pypi/web/packages/cf/7a/ea0f3e3ea74be36fc7cf54f966cde732a3de72697983cdb5646b0a4dacde/datetime-6.0-py3-none-any.whl", hash = "sha256:d19988f0657a4e72c9438344157254a8dcad6aea8cd5ae70a5d1b5a75e5dc930", size = 52637, upload-time = "2025-11-25T08:00:33.077Z" },
]

[[package]]
name = "mypy-extensions"
version = "1.1.0"
source = { registry = "https://mirrors.tuna.tsinghua.edu.cn/pypi/web/simple/" }
sdist = { url = "https://mirrors.tuna.tsinghua.edu.cn/pypi/web/packages/a2/6e/371856a3fb9d31ca8dac321cda606860fa4548858c0cc45d9d1d4ca2628b/mypy_extensions-1.1.0.tar.gz", hash = "sha256:52e68efc3284861e772bbcd66823fde5ae21fd2fdb51c62a211403730b916558", size = 6343, upload-time = "2025-04-22T14:54:24.164Z" }
wheels = [
    { url = "https://mirrors.tuna.tsinghua.edu.cn/pypi/web/packages/79/7b/2c79738432f5c924bef5071f933bcc9efd0473bac3b4aa584a6f7c1c8df8/mypy_extensions-1.1.0-py3-none-any.whl", hash = "sha256:1be4cccdb0f2482337c4743e60421de3a356cd97508abadd57d47403e94f5505", size = 4963, upload-time = "2025-04-22T14:54:22.983Z" },
]

[[package]]
name = "packaging"
version = "26.0"
source = { registry = "https://mirrors.tuna.tsinghua.edu.cn/pypi/web/simple/" }
sdist = { url = "https://mirrors.tuna.tsinghua.edu.cn/pypi/web/packages/65/ee/299d360cdc32edc7d2cf530f3accf79c4fca01e96ffc950d8a52213bd8e4/packaging-26.0.tar.gz", hash = "sha256:00243ae351a257117b6a241061796684b084ed1c516a08c48a3f7e147a9d80b4", size = 143416, upload-time = "2026-01-21T20:50:39.064Z" }
wheels = [
    { url = "https://mirrors.tuna.tsinghua.edu.cn/pypi/web/packages/b7/b9/c538f279a4e237a006a2c98387d081e9eb060d203d8ed34467cc0f0b9b53/packaging-26.0-py3-none-any.whl", hash = "sha256:b36f1fef9334a5588b4166f8bcd26a14e521f2b55e6b9de3aaa80d3ff7a37529", size = 74366, upload-time = "2026-01-21T20:50:37.788Z" },
]

[[package]]
name = "pathspec"
version = "1.0.4"
source = { registry = "https://mirrors.tuna.tsinghua.edu.cn/pypi/web/simple/" }
sdist = { url = "https://mirrors.tuna.tsinghua.edu.cn/pypi/web/packages/fa/36/e27608899f9b8d4dff0617b2d9ab17ca5608956ca44461ac14ac48b44015/pathspec-1.0.4.tar.gz", hash = "sha256:0210e2ae8a21a9137c0d470578cb0e595af87edaa6ebf12ff176f14a02e0e645", size = 131200, upload-time = "2026-01-27T03:59:46.938Z" }
wheels = [
    { url = "https://mirrors.tuna.tsinghua.edu.cn/pypi/web/packages/ef/3c/2c197d226f9ea224a9ab8d197933f9da0ae0aac5b6e0f884e2b8d9c8e9f7/pathspec-1.0.4-py3-none-any.whl", hash = "sha256:fb6ae2fd4e7c921a165808a552060e722767cfa526f99ca5156ed2ce45a5c723", size = 55206, upload-time = "2026-01-27T03:59:45.137Z" },
]

[[package]]
name = "platformdirs"
version = "4.9.6"
source = { registry = "https://mirrors.tuna.tsinghua.edu.cn/pypi/web/simple/" }
sdist = { url = "https://mirrors.tuna.tsinghua.edu.cn/pypi/web/packages/9f/4a/0883b8e3802965322523f0b200ecf33d31f10991d0401162f4b23c698b42/platformdirs-4.9.6.tar.gz", hash = "sha256:3bfa75b0ad0db84096ae777218481852c0ebc6c727b3168c1b9e0118e458cf0a", size = 29400, upload-time = "2026-04-09T00:04:10.812Z" }
wheels = [
    { url = "https://mirrors.tuna.tsinghua.edu.cn/pypi/web/packages/75/a6/a0a304dc33b49145b21f4808d763822111e67d1c3a32b524a1baf947b6e1/platformdirs-4.9.6-py3-none-any.whl", hash = "sha256:e61adb1d5e5cb3441b4b7710bea7e4c12250ca49439228cc1021c00dcfac0917", size = 21348, upload-time = "2026-04-09T00:04:09.463Z" },
]

[[package]]
name = "pytokens"
version = "0.4.1"
source = { registry = "https://mirrors.tuna.tsinghua.edu.cn/pypi/web/simple/" }
sdist = { url = "https://mirrors.tuna.tsinghua.edu.cn/pypi/web/packages/b6/34/b4e015b99031667a7b960f888889c5bd34ef585c85e1cb56a594b92836ac/pytokens-0.4.1.tar.gz", hash = "sha256:292052fe80923aae2260c073f822ceba21f3872ced9a68bb7953b348e561179a", size = 23015, upload-time = "2026-01-30T01:03:45.924Z" }
wheels = [
    { url = "https://mirrors.tuna.tsinghua.edu.cn/pypi/web/packages/41/5d/e44573011401fb82e9d51e97f1290ceb377800fb4eed650b96f4753b499c/pytokens-0.4.1-cp312-cp312-macosx_11_0_arm64.whl", hash = "sha256:140709331e846b728475786df8aeb27d24f48cbcf7bcd449f8de75cae7a45083", size = 160663, upload-time = "2026-01-30T01:03:06.473Z" },
    { url = "https://mirrors.tuna.tsinghua.edu.cn/pypi/web/packages/f0/e6/5bbc3019f8e6f21d09c41f8b8654536117e5e211a85d89212d59cbdab381/pytokens-0.4.1-cp312-cp312-manylinux2014_aarch64.manylinux_2_17_aarch64.manylinux_2_28_aarch64.whl", hash = "sha256:6d6c4268598f762bc8e91f5dbf2ab2f61f7b95bdc07953b602db879b3c8c18e1", size = 255626, upload-time = "2026-01-30T01:03:08.177Z" },
    { url = "https://mirrors.tuna.tsinghua.edu.cn/pypi/web/packages/bf/3c/2d5297d82286f6f3d92770289fd439956b201c0a4fc7e72efb9b2293758e/pytokens-0.4.1-cp312-cp312-manylinux2014_x86_64.manylinux_2_17_x86_64.manylinux_2_28_x86_64.whl", hash = "sha256:24afde1f53d95348b5a0eb19488661147285ca4dd7ed752bbc3e1c6242a304d1", size = 269779, upload-time = "2026-01-30T01:03:09.756Z" },
    { url = "https://mirrors.tuna.tsinghua.edu.cn/pypi/web/packages/20/01/7436e9ad693cebda0551203e0bf28f7669976c60ad07d6402098208476de/pytokens-0.4.1-cp312-cp312-musllinux_1_2_x86_64.whl", hash = "sha256:5ad948d085ed6c16413eb5fec6b3e02fa00dc29a2534f088d3302c47eb59adf9", size = 268076, upload-time = "2026-01-30T01:03:10.957Z" },
    { url = "https://mirrors.tuna.tsinghua.edu.cn/pypi/web/packages/2e/df/533c82a3c752ba13ae7ef238b7f8cdd272cf1475f03c63ac6cf3fcfb00b6/pytokens-0.4.1-cp312-cp312-win_amd64.whl", hash = "sha256:3f901fe783e06e48e8cbdc82d631fca8f118333798193e026a50ce1b3757ea68", size = 103552, upload-time = "2026-01-30T01:03:12.066Z" },
    { url = "https://mirrors.tuna.tsinghua.edu.cn/pypi/web/packages/cb/dc/08b1a080372afda3cceb4f3c0a7ba2bde9d6a5241f1edb02a22a019ee147/pytokens-0.4.1-cp313-cp313-macosx_11_0_arm64.whl", hash = "sha256:8bdb9d0ce90cbf99c525e75a2fa415144fd570a1ba987380190e8b786bc6ef9b", size = 160720, upload-time = "2026-01-30T01:03:13.843Z" },
    { url = "https://mirrors.tuna.tsinghua.edu.cn/pypi/web/packages/64/0c/41ea22205da480837a700e395507e6a24425151dfb7ead73343d6e2d7ffe/pytokens-0.4.1-cp313-cp313-manylinux2014_aarch64.manylinux_2_17_aarch64.manylinux_2_28_aarch64.whl", hash = "sha256:5502408cab1cb18e128570f8d598981c68a50d0cbd7c61312a90507cd3a1276f", size = 254204, upload-time = "2026-01-30T01:03:14.886Z" },
    { url = "https://mirrors.tuna.tsinghua.edu.cn/pypi/web/packages/e0/d2/afe5c7f8607018beb99971489dbb846508f1b8f351fcefc225fcf4b2adc0/pytokens-0.4.1-cp313-cp313-manylinux2014_x86_64.manylinux_2_17_x86_64.manylinux_2_28_x86_64.whl", hash = "sha256:29d1d8fb1030af4d231789959f21821ab6325e463f0503a61d204343c9b355d1", size = 268423, upload-time = "2026-01-30T01:03:15.936Z" },
    { url = "https://mirrors.tuna.tsinghua.edu.cn/pypi/web/packages/68/d4/00ffdbd370410c04e9591da9220a68dc1693ef7499173eb3e30d06e05ed1/pytokens-0.4.1-cp313-cp313-musllinux_1_2_x86_64.whl", hash = "sha256:970b08dd6b86058b6dc07efe9e98414f5102974716232d10f32ff39701e841c4", size = 266859, upload-time = "2026-01-30T01:03:17.458Z" },
    { url = "https://mirrors.tuna.tsinghua.edu.cn/pypi/web/packages/a7/c9/c3161313b4ca0c601eeefabd3d3b576edaa9afdefd32da97210700e47652/pytokens-0.4.1-cp313-cp313-win_amd64.whl", hash = "sha256:9bd7d7f544d362576be74f9d5901a22f317efc20046efe2034dced238cbbfe78", size = 103520, upload-time = "2026-01-30T01:03:18.652Z" },
    { url = "https://mirrors.tuna.tsinghua.edu.cn/pypi/web/packages/8f/a7/b470f672e6fc5fee0a01d9e75005a0e617e162381974213a945fcd274843/pytokens-0.4.1-cp314-cp314-macosx_11_0_arm64.whl", hash = "sha256:4a14d5f5fc78ce85e426aa159489e2d5961acf0e47575e08f35584009178e321", size = 160821, upload-time = "2026-01-30T01:03:19.684Z" },
    { url = "https://mirrors.tuna.tsinghua.edu.cn/pypi/web/packages/80/98/e83a36fe8d170c911f864bfded690d2542bfcfacb9c649d11a9e6eb9dc41/pytokens-0.4.1-cp314-cp314-manylinux2014_aarch64.manylinux_2_17_aarch64.manylinux_2_28_aarch64.whl", hash = "sha256:97f50fd18543be72da51dd505e2ed20d2228c74e0464e4262e4899797803d7fa", size = 254263, upload-time = "2026-01-30T01:03:20.834Z" },
    { url = "https://mirrors.tuna.tsinghua.edu.cn/pypi/web/packages/0f/95/70d7041273890f9f97a24234c00b746e8da86df462620194cef1d411ddeb/pytokens-0.4.1-cp314-cp314-manylinux2014_x86_64.manylinux_2_17_x86_64.manylinux_2_28_x86_64.whl", hash = "sha256:dc74c035f9bfca0255c1af77ddd2d6ae8419012805453e4b0e7513e17904545d", size = 268071, upload-time = "2026-01-30T01:03:21.888Z" },
    { url = "https://mirrors.tuna.tsinghua.edu.cn/pypi/web/packages/da/79/76e6d09ae19c99404656d7db9c35dfd20f2086f3eb6ecb496b5b31163bad/pytokens-0.4.1-cp314-cp314-musllinux_1_2_x86_64.whl", hash = "sha256:f66a6bbe741bd431f6d741e617e0f39ec7257ca1f89089593479347cc4d13324", size = 271716, upload-time = "2026-01-30T01:03:23.633Z" },
    { url = "https://mirrors.tuna.tsinghua.edu.cn/pypi/web/packages/79/37/482e55fa1602e0a7ff012661d8c946bafdc05e480ea5a32f4f7e336d4aa9/pytokens-0.4.1-cp314-cp314-win_amd64.whl", hash = "sha256:b35d7e5ad269804f6697727702da3c517bb8a5228afa450ab0fa787732055fc9", size = 104539, upload-time = "2026-01-30T01:03:24.788Z" },
    { url = "https://mirrors.tuna.tsinghua.edu.cn/pypi/web/packages/30/e8/20e7db907c23f3d63b0be3b8a4fd1927f6da2395f5bcc7f72242bb963dfe/pytokens-0.4.1-cp314-cp314t-macosx_11_0_arm64.whl", hash = "sha256:8fcb9ba3709ff77e77f1c7022ff11d13553f3c30299a9fe246a166903e9091eb", size = 168474, upload-time = "2026-01-30T01:03:26.428Z" },
    { url = "https://mirrors.tuna.tsinghua.edu.cn/pypi/web/packages/d6/81/88a95ee9fafdd8f5f3452107748fd04c24930d500b9aba9738f3ade642cc/pytokens-0.4.1-cp314-cp314t-manylinux2014_aarch64.manylinux_2_17_aarch64.manylinux_2_28_aarch64.whl", hash = "sha256:79fc6b8699564e1f9b521582c35435f1bd32dd06822322ec44afdeba666d8cb3", size = 290473, upload-time = "2026-01-30T01:03:27.415Z" },
    { url = "https://mirrors.tuna.tsinghua.edu.cn/pypi/web/packages/cf/35/3aa899645e29b6375b4aed9f8d21df219e7c958c4c186b465e42ee0a06bf/pytokens-0.4.1-cp314-cp314t-manylinux2014_x86_64.manylinux_2_17_x86_64.manylinux_2_28_x86_64.whl", hash = "sha256:d31b97b3de0f61571a124a00ffe9a81fb9939146c122c11060725bd5aea79975", size = 303485, upload-time = "2026-01-30T01:03:28.558Z" },
    { url = "https://mirrors.tuna.tsinghua.edu.cn/pypi/web/packages/52/a0/07907b6ff512674d9b201859f7d212298c44933633c946703a20c25e9d81/pytokens-0.4.1-cp314-cp314t-musllinux_1_2_x86_64.whl", hash = "sha256:967cf6e3fd4adf7de8fc73cd3043754ae79c36475c1c11d514fc72cf5490094a", size = 306698, upload-time = "2026-01-30T01:03:29.653Z" },
    { url = "https://mirrors.tuna.tsinghua.edu.cn/pypi/web/packages/39/2a/cbbf9250020a4a8dd53ba83a46c097b69e5eb49dd14e708f496f548c6612/pytokens-0.4.1-cp314-cp314t-win_amd64.whl", hash = "sha256:584c80c24b078eec1e227079d56dc22ff755e0ba8654d8383b2c549107528918", size = 116287, upload-time = "2026-01-30T01:03:30.912Z" },
    { url = "https://mirrors.tuna.tsinghua.edu.cn/pypi/web/packages/c6/78/397db326746f0a342855b81216ae1f0a32965deccfd7c830a2dbc66d2483/pytokens-0.4.1-py3-none-any.whl", hash = "sha256:26cef14744a8385f35d0e095dc8b3a7583f6c953c2e3d269c7f82484bf5ad2de", size = 13729, upload-time = "2026-01-30T01:03:45.029Z" },
]

[[package]]
name = "pytorch"
version = "0.1.0"
source = { virtual = "." }
dependencies = [
    { name = "black" },
    { name = "datetime" },
]

[package.metadata]
requires-dist = [
    { name = "black", specifier = ">=26.3.1" },
    { name = "datetime", specifier = ">=6.0" },
]

[[package]]
name = "pytz"
version = "2026.1.post1"
source = { registry = "https://mirrors.tuna.tsinghua.edu.cn/pypi/web/simple/" }
sdist = { url = "https://mirrors.tuna.tsinghua.edu.cn/pypi/web/packages/56/db/b8721d71d945e6a8ac63c0fc900b2067181dbb50805958d4d4661cf7d277/pytz-2026.1.post1.tar.gz", hash = "sha256:3378dde6a0c3d26719182142c56e60c7f9af7e968076f31aae569d72a0358ee1", size = 321088, upload-time = "2026-03-03T07:47:50.683Z" }
wheels = [
    { url = "https://mirrors.tuna.tsinghua.edu.cn/pypi/web/packages/10/99/781fe0c827be2742bcc775efefccb3b048a3a9c6ce9aec0cbf4a101677e5/pytz-2026.1.post1-py2.py3-none-any.whl", hash = "sha256:f2fd16142fda348286a75e1a524be810bb05d444e5a081f37f7affc635035f7a", size = 510489, upload-time = "2026-03-03T07:47:49.167Z" },
]

[[package]]
name = "zope-interface"
version = "8.3"
source = { registry = "https://mirrors.tuna.tsinghua.edu.cn/pypi/web/simple/" }
sdist = { url = "https://mirrors.tuna.tsinghua.edu.cn/pypi/web/packages/c9/04/0b1d92e7d31507c5fbe203d9cc1ae80fb0645688c7af751ea0ec18c2223e/zope_interface-8.3.tar.gz", hash = "sha256:e1a9de7d0b5b5c249a73b91aebf4598ce05e334303af6aa94865893283e9ff10", size = 256822, upload-time = "2026-04-10T06:12:35.036Z" }
wheels = [
    { url = "https://mirrors.tuna.tsinghua.edu.cn/pypi/web/packages/16/1e/7ed593f9c3664e560febe1f132fdf73b8bb9a3de6e3448093b0167239c8c/zope_interface-8.3-cp312-cp312-macosx_10_9_x86_64.whl", hash = "sha256:b361b7ce566bc024e55f74eb1e88afc14039d7bd8ea13eeff3b7a8400dc59683", size = 211571, upload-time = "2026-04-10T06:22:14.775Z" },
    { url = "https://mirrors.tuna.tsinghua.edu.cn/pypi/web/packages/cf/31/844979b472f30efd2a68480738c9a3be518786b0885137075616607e88c7/zope_interface-8.3-cp312-cp312-macosx_11_0_arm64.whl", hash = "sha256:f5be73ca1304daa3046ee5835f7fa6b3badadf02102b570532dd57cd25dd72d6", size = 211748, upload-time = "2026-04-10T06:22:16.695Z" },
    { url = "https://mirrors.tuna.tsinghua.edu.cn/pypi/web/packages/6e/b6/71f5c9d8dde7334e1b67306fea5814c67eac92d871bb0dfc664c9f3355f1/zope_interface-8.3-cp312-cp312-manylinux1_i686.manylinux2014_i686.manylinux_2_17_i686.manylinux_2_5_i686.whl", hash = "sha256:961af756797e36c1e77f7d0dc8ac1322de0c071eaa1a641dbe3b790061968dd9", size = 264718, upload-time = "2026-04-10T06:22:19.473Z" },
    { url = "https://mirrors.tuna.tsinghua.edu.cn/pypi/web/packages/94/e3/5eab77fd6795ca37b9ed1aeea5290170018938549322003745bdcd939238/zope_interface-8.3-cp312-cp312-manylinux1_x86_64.manylinux2014_x86_64.manylinux_2_17_x86_64.manylinux_2_5_x86_64.whl", hash = "sha256:a6329f296b70f62043bf2df06eb91b4be040baee32ec4a3e0314f3893fa5c51c", size = 269795, upload-time = "2026-04-10T06:22:21.728Z" },
    { url = "https://mirrors.tuna.tsinghua.edu.cn/pypi/web/packages/a2/2f/4bc8807d65833f06335a49beb1786bafcf748cde7472ba14cdb4db463ba8/zope_interface-8.3-cp312-cp312-manylinux2014_aarch64.manylinux_2_17_aarch64.whl", hash = "sha256:f420f6c96307ff265981c510782f0ed97475107b78ca9fca0bb04fe36f363eb4", size = 269418, upload-time = "2026-04-10T06:22:23.802Z" },
    { url = "https://mirrors.tuna.tsinghua.edu.cn/pypi/web/packages/50/3d/1cfaf770bc6bc64edec3d4c5f17b5dbe600bf93cd2caac5ee0880eb9f9e0/zope_interface-8.3-cp312-cp312-win_amd64.whl", hash = "sha256:ffeae9102aa6ba5bd2f9a547016347bd87c9cf01aea564936c0d165fff0b1242", size = 214390, upload-time = "2026-04-10T06:22:25.735Z" },
    { url = "https://mirrors.tuna.tsinghua.edu.cn/pypi/web/packages/27/da/ff205c5463e52ad64cc40be667fdff2b01b9754a385c6b95bac01645fa4f/zope_interface-8.3-cp313-cp313-macosx_10_9_x86_64.whl", hash = "sha256:1aa0e1d72212cedc38b2156bbca08cf24625c057135a7947ef6b19bc732b2772", size = 211889, upload-time = "2026-04-10T06:22:27.612Z" },
    { url = "https://mirrors.tuna.tsinghua.edu.cn/pypi/web/packages/c7/21/0cc848e22769b1cf4c0cd636ec2e60ea05cfb958423435ea526d5a291fe8/zope_interface-8.3-cp313-cp313-macosx_11_0_arm64.whl", hash = "sha256:54ab83218a8f6947ba4b6cb1a121f1e1abe2e418b838ccdac71639d0f97e734e", size = 211961, upload-time = "2026-04-10T06:22:29.575Z" },
    { url = "https://mirrors.tuna.tsinghua.edu.cn/pypi/web/packages/e3/54/815c9dbb90336c50694b4c7ef7ced06bc389e5597200c77457b557a0221c/zope_interface-8.3-cp313-cp313-manylinux1_i686.manylinux2014_i686.manylinux_2_17_i686.manylinux_2_5_i686.whl", hash = "sha256:34d6c10fa790005487c471e0e4ab537b0fa9a70e55a96994e51ffeef92205fa4", size = 264409, upload-time = "2026-04-10T06:22:31.426Z" },
    { url = "https://mirrors.tuna.tsinghua.edu.cn/pypi/web/packages/3a/69/2e5c30adde0e94552d934971fa6eba107449d3d11fa086cfcfeb8ea6354d/zope_interface-8.3-cp313-cp313-manylinux1_x86_64.manylinux2014_x86_64.manylinux_2_17_x86_64.manylinux_2_5_x86_64.whl", hash = "sha256:93108d5f8dee20177a637438bf4df4c6faf8a317c9d4a8b1d5e78123854e3317", size = 269592, upload-time = "2026-04-10T06:22:33.393Z" },
    { url = "https://mirrors.tuna.tsinghua.edu.cn/pypi/web/packages/23/8a/fbb1dceb5c5400b2b27934aa102d29fe4cb06732122e7f409efebeb6e097/zope_interface-8.3-cp313-cp313-manylinux2014_aarch64.manylinux_2_17_aarch64.whl", hash = "sha256:8f81d90f80b9fbf36602549e2f187861c9d7139837f8c9dd685ce3b933c6360f", size = 269548, upload-time = "2026-04-10T06:22:35.339Z" },
    { url = "https://mirrors.tuna.tsinghua.edu.cn/pypi/web/packages/a2/70/abd0bb9cc9b1a9a718f30c81f46a184a2e751dd80cf57db142ffa42730da/zope_interface-8.3-cp313-cp313-win_amd64.whl", hash = "sha256:96106a5f609bb355e1aec6ab0361213c8af0843ca1e1ba9c42eacfbd0910914e", size = 214391, upload-time = "2026-04-10T06:22:36.969Z" },
    { url = "https://mirrors.tuna.tsinghua.edu.cn/pypi/web/packages/8a/d9/95fe0d4d8da09042383c42f239e0106f1019ec86a27ed9f5000e754f6e7a/zope_interface-8.3-cp314-cp314-macosx_10_9_x86_64.whl", hash = "sha256:96f0001b49227d756770fc70ecde49f19332ae98ec98e1bbbf2fd7a87e9d4e45", size = 211979, upload-time = "2026-04-10T06:22:38.628Z" },
    { url = "https://mirrors.tuna.tsinghua.edu.cn/pypi/web/packages/f3/01/b6f694444ea1c911a4ea915f4ef066a95e9d1a58256a30c131ec88c3ae64/zope_interface-8.3-cp314-cp314-macosx_11_0_arm64.whl", hash = "sha256:3853bfb808084e1b4a3a769b00bd8b58a52b0c4a4fc5c23de26d283cd8beb627", size = 212038, upload-time = "2026-04-10T06:22:40.475Z" },
    { url = "https://mirrors.tuna.tsinghua.edu.cn/pypi/web/packages/f7/cf/237de1fba4f05686bc344eeb035236bd89890679c8211f129f05b5971ccf/zope_interface-8.3-cp314-cp314-manylinux1_i686.manylinux2014_i686.manylinux_2_17_i686.manylinux_2_5_i686.whl", hash = "sha256:33a13acba79ef693fb64ceb6193ece913d39586f184797f133c1bc549da86851", size = 266041, upload-time = "2026-04-10T06:22:42.093Z" },
    { url = "https://mirrors.tuna.tsinghua.edu.cn/pypi/web/packages/58/5f/df85b1ff5626d7f05231e69b7efd38bdc2c82ca363495e0bb112aaf655b3/zope_interface-8.3-cp314-cp314-manylinux1_x86_64.manylinux2014_x86_64.manylinux_2_17_x86_64.manylinux_2_5_x86_64.whl", hash = "sha256:e9f7e4b46741a11a9e1fab8b68710f08dec700e9f1b877cdca02480fbebe4846", size = 269094, upload-time = "2026-04-10T06:22:43.832Z" },
    { url = "https://mirrors.tuna.tsinghua.edu.cn/pypi/web/packages/5f/10/7ad1ff9c514fe38b176fc1271967c453074eb386a4515bd3b957c485f3a8/zope_interface-8.3-cp314-cp314-manylinux2014_aarch64.manylinux_2_17_aarch64.whl", hash = "sha256:8ce49d43366e12aeccd14fcaebb3ef110f50f5795e0d4a95383ea057365cedf2", size = 269413, upload-time = "2026-04-10T06:22:45.573Z" },
    { url = "https://mirrors.tuna.tsinghua.edu.cn/pypi/web/packages/38/42/3b0b5edee7801e0dd5c42c2c9bb4ec8bec430a6628462eb1315db76a7954/zope_interface-8.3-cp314-cp314-win_amd64.whl", hash = "sha256:301db4049c79a15a3b29d89795e150daf0e9ae701404b112ad6585ea863f6ef5", size = 215170, upload-time = "2026-04-10T06:22:47.115Z" },
]
